# This file is automatically @generated by Cargo.
# It is not intended for manual editing.
version = 3

[[package]]
name = "text_to_int_to_text"
version = "0.1.0"
dependencies = [
 "to_int_and_back",
]

[[package]]
name = "to_int_and_back"
version = "0.1.0"
source = "git+https://github.com/ShaneMarusczak/to_int_and_back#88d29e0890b85d7251447f1ccf9867ef80879334"
