# This file is automatically @generated by Cargo.
# It is not intended for manual editing.
version = 3

[[package]]
name = "text_to_int_to_text"
version = "0.1.0"
dependencies = [
 "to_int_and_back",
]

[[package]]
name = "to_int_and_back"
version = "0.1.0"
source = "git+https://github.com/ShaneMarusczak/to_int_and_back#9ba562f6233509e73abebc03284157bbd6d7a239"
